// !$*UTF8*$!
{
	archiveVersion = 1;
	classes = {
	};
	objectVersion = 50;
	objects = {

/* Begin PBXBuildFile section */
		370E45CE20AC5F6100858A52 /* AppDelegate.swift in Sources */ = {isa = PBXBuildFile; fileRef = 370E45CD20AC5F6100858A52 /* AppDelegate.swift */; };
		370E45D620AC5F6100858A52 /* CareemTestEvaluation.xcdatamodeld in Sources */ = {isa = PBXBuildFile; fileRef = 370E45D420AC5F6100858A52 /* CareemTestEvaluation.xcdatamodeld */; };
		370E45D820AC5F6200858A52 /* Assets.xcassets in Resources */ = {isa = PBXBuildFile; fileRef = 370E45D720AC5F6200858A52 /* Assets.xcassets */; };
		370E45E620AC5F6200858A52 /* CareemTestEvaluationTests.swift in Sources */ = {isa = PBXBuildFile; fileRef = 370E45E520AC5F6200858A52 /* CareemTestEvaluationTests.swift */; };
		370E45F120AC5F6200858A52 /* CareemTestEvaluationUITests.swift in Sources */ = {isa = PBXBuildFile; fileRef = 370E45F020AC5F6200858A52 /* CareemTestEvaluationUITests.swift */; };
		370E460720AC665E00858A52 /* VCSearchMovies.swift in Sources */ = {isa = PBXBuildFile; fileRef = 370E460620AC665E00858A52 /* VCSearchMovies.swift */; };
		370E460920AC68B100858A52 /* Constant.swift in Sources */ = {isa = PBXBuildFile; fileRef = 370E460820AC68B100858A52 /* Constant.swift */; };
		370E460C20AC707E00858A52 /* LaunchScreen.storyboard in Resources */ = {isa = PBXBuildFile; fileRef = 370E460B20AC707E00858A52 /* LaunchScreen.storyboard */; };
		370E460E20AC709300858A52 /* Main.storyboard in Resources */ = {isa = PBXBuildFile; fileRef = 370E460D20AC709300858A52 /* Main.storyboard */; };
		370E461220AC793400858A52 /* TBLCellMovies.swift in Sources */ = {isa = PBXBuildFile; fileRef = 370E461120AC793400858A52 /* TBLCellMovies.swift */; };
		370E461620AD535000858A52 /* DTDatabaseManager.swift in Sources */ = {isa = PBXBuildFile; fileRef = 370E461520AD535000858A52 /* DTDatabaseManager.swift */; };
		370E461820AD82A700858A52 /* WebservicePrefix.swift in Sources */ = {isa = PBXBuildFile; fileRef = 370E461720AD82A700858A52 /* WebservicePrefix.swift */; };
		370E461A20AD836E00858A52 /* HttpRequestManager.swift in Sources */ = {isa = PBXBuildFile; fileRef = 370E461920AD836E00858A52 /* HttpRequestManager.swift */; };
		370E462020AD8CB700858A52 /* Movies.swift in Sources */ = {isa = PBXBuildFile; fileRef = 370E461F20AD8CB700858A52 /* Movies.swift */; };
		370E462220ADDB1700858A52 /* WebserviceCollections.swift in Sources */ = {isa = PBXBuildFile; fileRef = 370E462120ADDB1700858A52 /* WebserviceCollections.swift */; };
		370E462420ADDB9400858A52 /* SearchResult.swift in Sources */ = {isa = PBXBuildFile; fileRef = 370E462320ADDB9400858A52 /* SearchResult.swift */; };
		370E462620AE085C00858A52 /* ImageCache.swift in Sources */ = {isa = PBXBuildFile; fileRef = 370E462520AE085C00858A52 /* ImageCache.swift */; };
		370E463520AF380D00858A52 /* ViewClass.swift in Sources */ = {isa = PBXBuildFile; fileRef = 370E463420AF380D00858A52 /* ViewClass.swift */; };
		371267AF20B15373005F6D00 /* APITest.swift in Sources */ = {isa = PBXBuildFile; fileRef = 371267AE20B15373005F6D00 /* APITest.swift */; };
/* End PBXBuildFile section */

/* Begin PBXContainerItemProxy section */
		370E45E220AC5F6200858A52 /* PBXContainerItemProxy */ = {
			isa = PBXContainerItemProxy;
			containerPortal = 370E45C220AC5F6100858A52 /* Project object */;
			proxyType = 1;
			remoteGlobalIDString = 370E45C920AC5F6100858A52;
			remoteInfo = CareemTestEvaluation;
		};
		370E45ED20AC5F6200858A52 /* PBXContainerItemProxy */ = {
			isa = PBXContainerItemProxy;
			containerPortal = 370E45C220AC5F6100858A52 /* Project object */;
			proxyType = 1;
			remoteGlobalIDString = 370E45C920AC5F6100858A52;
			remoteInfo = CareemTestEvaluation;
		};
/* End PBXContainerItemProxy section */

/* Begin PBXFileReference section */
		370E45CA20AC5F6100858A52 /* CareemTestEvaluation.app */ = {isa = PBXFileReference; explicitFileType = wrapper.application; includeInIndex = 0; path = CareemTestEvaluation.app; sourceTree = BUILT_PRODUCTS_DIR; };
		370E45CD20AC5F6100858A52 /* AppDelegate.swift */ = {isa = PBXFileReference; lastKnownFileType = sourcecode.swift; path = AppDelegate.swift; sourceTree = "<group>"; };
		370E45D520AC5F6100858A52 /* CareemTestEvaluation.xcdatamodel */ = {isa = PBXFileReference; lastKnownFileType = wrapper.xcdatamodel; path = CareemTestEvaluation.xcdatamodel; sourceTree = "<group>"; };
		370E45D720AC5F6200858A52 /* Assets.xcassets */ = {isa = PBXFileReference; lastKnownFileType = folder.assetcatalog; path = Assets.xcassets; sourceTree = "<group>"; };
		370E45DC20AC5F6200858A52 /* Info.plist */ = {isa = PBXFileReference; lastKnownFileType = text.plist.xml; path = Info.plist; sourceTree = "<group>"; };
		370E45E120AC5F6200858A52 /* CareemTestEvaluationTests.xctest */ = {isa = PBXFileReference; explicitFileType = wrapper.cfbundle; includeInIndex = 0; path = CareemTestEvaluationTests.xctest; sourceTree = BUILT_PRODUCTS_DIR; };
		370E45E520AC5F6200858A52 /* CareemTestEvaluationTests.swift */ = {isa = PBXFileReference; lastKnownFileType = sourcecode.swift; path = CareemTestEvaluationTests.swift; sourceTree = "<group>"; };
		370E45E720AC5F6200858A52 /* Info.plist */ = {isa = PBXFileReference; lastKnownFileType = text.plist.xml; path = Info.plist; sourceTree = "<group>"; };
		370E45EC20AC5F6200858A52 /* CareemTestEvaluationUITests.xctest */ = {isa = PBXFileReference; explicitFileType = wrapper.cfbundle; includeInIndex = 0; path = CareemTestEvaluationUITests.xctest; sourceTree = BUILT_PRODUCTS_DIR; };
		370E45F020AC5F6200858A52 /* CareemTestEvaluationUITests.swift */ = {isa = PBXFileReference; lastKnownFileType = sourcecode.swift; path = CareemTestEvaluationUITests.swift; sourceTree = "<group>"; };
		370E45F220AC5F6200858A52 /* Info.plist */ = {isa = PBXFileReference; lastKnownFileType = text.plist.xml; path = Info.plist; sourceTree = "<group>"; };
		370E460620AC665E00858A52 /* VCSearchMovies.swift */ = {isa = PBXFileReference; lastKnownFileType = sourcecode.swift; path = VCSearchMovies.swift; sourceTree = "<group>"; };
		370E460820AC68B100858A52 /* Constant.swift */ = {isa = PBXFileReference; lastKnownFileType = sourcecode.swift; path = Constant.swift; sourceTree = "<group>"; };
		370E460B20AC707E00858A52 /* LaunchScreen.storyboard */ = {isa = PBXFileReference; lastKnownFileType = file.storyboard; path = LaunchScreen.storyboard; sourceTree = "<group>"; };
		370E460D20AC709300858A52 /* Main.storyboard */ = {isa = PBXFileReference; lastKnownFileType = file.storyboard; path = Main.storyboard; sourceTree = "<group>"; };
		370E461120AC793400858A52 /* TBLCellMovies.swift */ = {isa = PBXFileReference; lastKnownFileType = sourcecode.swift; path = TBLCellMovies.swift; sourceTree = "<group>"; };
		370E461520AD535000858A52 /* DTDatabaseManager.swift */ = {isa = PBXFileReference; lastKnownFileType = sourcecode.swift; path = DTDatabaseManager.swift; sourceTree = "<group>"; };
		370E461720AD82A700858A52 /* WebservicePrefix.swift */ = {isa = PBXFileReference; lastKnownFileType = sourcecode.swift; path = WebservicePrefix.swift; sourceTree = "<group>"; };
		370E461920AD836E00858A52 /* HttpRequestManager.swift */ = {isa = PBXFileReference; lastKnownFileType = sourcecode.swift; path = HttpRequestManager.swift; sourceTree = "<group>"; };
		370E461F20AD8CB700858A52 /* Movies.swift */ = {isa = PBXFileReference; lastKnownFileType = sourcecode.swift; path = Movies.swift; sourceTree = "<group>"; };
		370E462120ADDB1700858A52 /* WebserviceCollections.swift */ = {isa = PBXFileReference; lastKnownFileType = sourcecode.swift; path = WebserviceCollections.swift; sourceTree = "<group>"; };
		370E462320ADDB9400858A52 /* SearchResult.swift */ = {isa = PBXFileReference; lastKnownFileType = sourcecode.swift; path = SearchResult.swift; sourceTree = "<group>"; };
		370E462520AE085C00858A52 /* ImageCache.swift */ = {isa = PBXFileReference; lastKnownFileType = sourcecode.swift; path = ImageCache.swift; sourceTree = "<group>"; };
		370E463420AF380D00858A52 /* ViewClass.swift */ = {isa = PBXFileReference; fileEncoding = 4; lastKnownFileType = sourcecode.swift; path = ViewClass.swift; sourceTree = "<group>"; };
		371267AE20B15373005F6D00 /* APITest.swift */ = {isa = PBXFileReference; lastKnownFileType = sourcecode.swift; path = APITest.swift; sourceTree = "<group>"; };
/* End PBXFileReference section */

/* Begin PBXFrameworksBuildPhase section */
		370E45C720AC5F6100858A52 /* Frameworks */ = {
			isa = PBXFrameworksBuildPhase;
			buildActionMask = 2147483647;
			files = (
			);
			runOnlyForDeploymentPostprocessing = 0;
		};
		370E45DE20AC5F6200858A52 /* Frameworks */ = {
			isa = PBXFrameworksBuildPhase;
			buildActionMask = 2147483647;
			files = (
			);
			runOnlyForDeploymentPostprocessing = 0;
		};
		370E45E920AC5F6200858A52 /* Frameworks */ = {
			isa = PBXFrameworksBuildPhase;
			buildActionMask = 2147483647;
			files = (
			);
			runOnlyForDeploymentPostprocessing = 0;
		};
/* End PBXFrameworksBuildPhase section */

/* Begin PBXGroup section */
		370E45C120AC5F6100858A52 = {
			isa = PBXGroup;
			children = (
				370E45CC20AC5F6100858A52 /* CareemTestEvaluation */,
				370E45E420AC5F6200858A52 /* CareemTestEvaluationTests */,
				370E45EF20AC5F6200858A52 /* CareemTestEvaluationUITests */,
				370E45CB20AC5F6100858A52 /* Products */,
			);
			sourceTree = "<group>";
		};
		370E45CB20AC5F6100858A52 /* Products */ = {
			isa = PBXGroup;
			children = (
				370E45CA20AC5F6100858A52 /* CareemTestEvaluation.app */,
				370E45E120AC5F6200858A52 /* CareemTestEvaluationTests.xctest */,
				370E45EC20AC5F6200858A52 /* CareemTestEvaluationUITests.xctest */,
			);
			name = Products;
			sourceTree = "<group>";
		};
		370E45CC20AC5F6100858A52 /* CareemTestEvaluation */ = {
			isa = PBXGroup;
			children = (
				370E460A20AC707100858A52 /* SupportingFiles */,
				370E45FF20AC65AD00858A52 /* Controllers */,
				370E45FE20AC65AD00858A52 /* Models */,
				370E460020AC65AD00858A52 /* Views */,
				370E45CD20AC5F6100858A52 /* AppDelegate.swift */,
				370E45D720AC5F6200858A52 /* Assets.xcassets */,
				370E45DC20AC5F6200858A52 /* Info.plist */,
				370E45D420AC5F6100858A52 /* CareemTestEvaluation.xcdatamodeld */,
			);
			path = CareemTestEvaluation;
			sourceTree = "<group>";
		};
		370E45E420AC5F6200858A52 /* CareemTestEvaluationTests */ = {
			isa = PBXGroup;
			children = (
				370E45E520AC5F6200858A52 /* CareemTestEvaluationTests.swift */,
				371267AE20B15373005F6D00 /* APITest.swift */,
				370E45E720AC5F6200858A52 /* Info.plist */,
			);
			path = CareemTestEvaluationTests;
			sourceTree = "<group>";
		};
		370E45EF20AC5F6200858A52 /* CareemTestEvaluationUITests */ = {
			isa = PBXGroup;
			children = (
				370E45F020AC5F6200858A52 /* CareemTestEvaluationUITests.swift */,
				370E45F220AC5F6200858A52 /* Info.plist */,
			);
			path = CareemTestEvaluationUITests;
			sourceTree = "<group>";
		};
		370E45FE20AC65AD00858A52 /* Models */ = {
			isa = PBXGroup;
			children = (
				370E463420AF380D00858A52 /* ViewClass.swift */,
				370E460820AC68B100858A52 /* Constant.swift */,
				370E461520AD535000858A52 /* DTDatabaseManager.swift */,
				370E461720AD82A700858A52 /* WebservicePrefix.swift */,
				370E461920AD836E00858A52 /* HttpRequestManager.swift */,
				370E461F20AD8CB700858A52 /* Movies.swift */,
				370E462120ADDB1700858A52 /* WebserviceCollections.swift */,
				370E462320ADDB9400858A52 /* SearchResult.swift */,
				370E462520AE085C00858A52 /* ImageCache.swift */,
			);
			path = Models;
			sourceTree = "<group>";
		};
		370E45FF20AC65AD00858A52 /* Controllers */ = {
			isa = PBXGroup;
			children = (
				370E460520AC663100858A52 /* VCSearch */,
			);
			path = Controllers;
			sourceTree = "<group>";
		};
		370E460020AC65AD00858A52 /* Views */ = {
			isa = PBXGroup;
			children = (
				370E461120AC793400858A52 /* TBLCellMovies.swift */,
			);
			path = Views;
			sourceTree = "<group>";
		};
		370E460520AC663100858A52 /* VCSearch */ = {
			isa = PBXGroup;
			children = (
				370E460620AC665E00858A52 /* VCSearchMovies.swift */,
			);
			path = VCSearch;
			sourceTree = "<group>";
		};
		370E460A20AC707100858A52 /* SupportingFiles */ = {
			isa = PBXGroup;
			children = (
				370E460B20AC707E00858A52 /* LaunchScreen.storyboard */,
				370E460D20AC709300858A52 /* Main.storyboard */,
			);
			path = SupportingFiles;
			sourceTree = "<group>";
		};
/* End PBXGroup section */

/* Begin PBXNativeTarget section */
		370E45C920AC5F6100858A52 /* CareemTestEvaluation */ = {
			isa = PBXNativeTarget;
			buildConfigurationList = 370E45F520AC5F6200858A52 /* Build configuration list for PBXNativeTarget "CareemTestEvaluation" */;
			buildPhases = (
				370E45C620AC5F6100858A52 /* Sources */,
				370E45C720AC5F6100858A52 /* Frameworks */,
				370E45C820AC5F6100858A52 /* Resources */,
			);
			buildRules = (
			);
			dependencies = (
			);
			name = CareemTestEvaluation;
			productName = CareemTestEvaluation;
			productReference = 370E45CA20AC5F6100858A52 /* CareemTestEvaluation.app */;
			productType = "com.apple.product-type.application";
		};
		370E45E020AC5F6200858A52 /* CareemTestEvaluationTests */ = {
			isa = PBXNativeTarget;
			buildConfigurationList = 370E45F820AC5F6200858A52 /* Build configuration list for PBXNativeTarget "CareemTestEvaluationTests" */;
			buildPhases = (
				370E45DD20AC5F6200858A52 /* Sources */,
				370E45DE20AC5F6200858A52 /* Frameworks */,
				370E45DF20AC5F6200858A52 /* Resources */,
			);
			buildRules = (
			);
			dependencies = (
				370E45E320AC5F6200858A52 /* PBXTargetDependency */,
			);
			name = CareemTestEvaluationTests;
			productName = CareemTestEvaluationTests;
			productReference = 370E45E120AC5F6200858A52 /* CareemTestEvaluationTests.xctest */;
			productType = "com.apple.product-type.bundle.unit-test";
		};
		370E45EB20AC5F6200858A52 /* CareemTestEvaluationUITests */ = {
			isa = PBXNativeTarget;
			buildConfigurationList = 370E45FB20AC5F6200858A52 /* Build configuration list for PBXNativeTarget "CareemTestEvaluationUITests" */;
			buildPhases = (
				370E45E820AC5F6200858A52 /* Sources */,
				370E45E920AC5F6200858A52 /* Frameworks */,
				370E45EA20AC5F6200858A52 /* Resources */,
			);
			buildRules = (
			);
			dependencies = (
				370E45EE20AC5F6200858A52 /* PBXTargetDependency */,
			);
			name = CareemTestEvaluationUITests;
			productName = CareemTestEvaluationUITests;
			productReference = 370E45EC20AC5F6200858A52 /* CareemTestEvaluationUITests.xctest */;
			productType = "com.apple.product-type.bundle.ui-testing";
		};
/* End PBXNativeTarget section */

/* Begin PBXProject section */
		370E45C220AC5F6100858A52 /* Project object */ = {
			isa = PBXProject;
			attributes = {
				LastSwiftUpdateCheck = 0930;
				LastUpgradeCheck = 0930;
				ORGANIZATIONNAME = RudraApps;
				TargetAttributes = {
					370E45C920AC5F6100858A52 = {
						CreatedOnToolsVersion = 9.3;
					};
					370E45E020AC5F6200858A52 = {
						CreatedOnToolsVersion = 9.3;
						TestTargetID = 370E45C920AC5F6100858A52;
					};
					370E45EB20AC5F6200858A52 = {
						CreatedOnToolsVersion = 9.3;
						TestTargetID = 370E45C920AC5F6100858A52;
					};
				};
			};
			buildConfigurationList = 370E45C520AC5F6100858A52 /* Build configuration list for PBXProject "CareemTestEvaluation" */;
			compatibilityVersion = "Xcode 9.3";
			developmentRegion = en;
			hasScannedForEncodings = 0;
			knownRegions = (
				en,
				Base,
			);
			mainGroup = 370E45C120AC5F6100858A52;
			productRefGroup = 370E45CB20AC5F6100858A52 /* Products */;
			projectDirPath = "";
			projectRoot = "";
			targets = (
				370E45C920AC5F6100858A52 /* CareemTestEvaluation */,
				370E45E020AC5F6200858A52 /* CareemTestEvaluationTests */,
				370E45EB20AC5F6200858A52 /* CareemTestEvaluationUITests */,
			);
		};
/* End PBXProject section */

/* Begin PBXResourcesBuildPhase section */
		370E45C820AC5F6100858A52 /* Resources */ = {
			isa = PBXResourcesBuildPhase;
			buildActionMask = 2147483647;
			files = (
				370E460E20AC709300858A52 /* Main.storyboard in Resources */,
				370E45D820AC5F6200858A52 /* Assets.xcassets in Resources */,
				370E460C20AC707E00858A52 /* LaunchScreen.storyboard in Resources */,
			);
			runOnlyForDeploymentPostprocessing = 0;
		};
		370E45DF20AC5F6200858A52 /* Resources */ = {
			isa = PBXResourcesBuildPhase;
			buildActionMask = 2147483647;
			files = (
			);
			runOnlyForDeploymentPostprocessing = 0;
		};
		370E45EA20AC5F6200858A52 /* Resources */ = {
			isa = PBXResourcesBuildPhase;
			buildActionMask = 2147483647;
			files = (
			);
			runOnlyForDeploymentPostprocessing = 0;
		};
/* End PBXResourcesBuildPhase section */

/* Begin PBXSourcesBuildPhase section */
		370E45C620AC5F6100858A52 /* Sources */ = {
			isa = PBXSourcesBuildPhase;
			buildActionMask = 2147483647;
			files = (
				370E463520AF380D00858A52 /* ViewClass.swift in Sources */,
				370E461220AC793400858A52 /* TBLCellMovies.swift in Sources */,
				370E462220ADDB1700858A52 /* WebserviceCollections.swift in Sources */,
				370E45D620AC5F6100858A52 /* CareemTestEvaluation.xcdatamodeld in Sources */,
				370E462020AD8CB700858A52 /* Movies.swift in Sources */,
				370E460720AC665E00858A52 /* VCSearchMovies.swift in Sources */,
				370E45CE20AC5F6100858A52 /* AppDelegate.swift in Sources */,
				370E462620AE085C00858A52 /* ImageCache.swift in Sources */,
				370E460920AC68B100858A52 /* Constant.swift in Sources */,
				370E461A20AD836E00858A52 /* HttpRequestManager.swift in Sources */,
				370E461820AD82A700858A52 /* WebservicePrefix.swift in Sources */,
				370E462420ADDB9400858A52 /* SearchResult.swift in Sources */,
				370E461620AD535000858A52 /* DTDatabaseManager.swift in Sources */,
			);
			runOnlyForDeploymentPostprocessing = 0;
		};
		370E45DD20AC5F6200858A52 /* Sources */ = {
			isa = PBXSourcesBuildPhase;
			buildActionMask = 2147483647;
			files = (
				371267AF20B15373005F6D00 /* APITest.swift in Sources */,
				370E45E620AC5F6200858A52 /* CareemTestEvaluationTests.swift in Sources */,
			);
			runOnlyForDeploymentPostprocessing = 0;
		};
		370E45E820AC5F6200858A52 /* Sources */ = {
			isa = PBXSourcesBuildPhase;
			buildActionMask = 2147483647;
			files = (
				370E45F120AC5F6200858A52 /* CareemTestEvaluationUITests.swift in Sources */,
			);
			runOnlyForDeploymentPostprocessing = 0;
		};
/* End PBXSourcesBuildPhase section */

/* Begin PBXTargetDependency section */
		370E45E320AC5F6200858A52 /* PBXTargetDependency */ = {
			isa = PBXTargetDependency;
			target = 370E45C920AC5F6100858A52 /* CareemTestEvaluation */;
			targetProxy = 370E45E220AC5F6200858A52 /* PBXContainerItemProxy */;
		};
		370E45EE20AC5F6200858A52 /* PBXTargetDependency */ = {
			isa = PBXTargetDependency;
			target = 370E45C920AC5F6100858A52 /* CareemTestEvaluation */;
			targetProxy = 370E45ED20AC5F6200858A52 /* PBXContainerItemProxy */;
		};
/* End PBXTargetDependency section */

/* Begin XCBuildConfiguration section */
		370E45F320AC5F6200858A52 /* Debug */ = {
			isa = XCBuildConfiguration;
			buildSettings = {
				ALWAYS_SEARCH_USER_PATHS = NO;
				CLANG_ANALYZER_NONNULL = YES;
				CLANG_ANALYZER_NUMBER_OBJECT_CONVERSION = YES_AGGRESSIVE;
				CLANG_CXX_LANGUAGE_STANDARD = "gnu++14";
				CLANG_CXX_LIBRARY = "libc++";
				CLANG_ENABLE_MODULES = YES;
				CLANG_ENABLE_OBJC_ARC = YES;
				CLANG_ENABLE_OBJC_WEAK = YES;
				CLANG_WARN_BLOCK_CAPTURE_AUTORELEASING = YES;
				CLANG_WARN_BOOL_CONVERSION = YES;
				CLANG_WARN_COMMA = YES;
				CLANG_WARN_CONSTANT_CONVERSION = YES;
				CLANG_WARN_DEPRECATED_OBJC_IMPLEMENTATIONS = YES;
				CLANG_WARN_DIRECT_OBJC_ISA_USAGE = YES_ERROR;
				CLANG_WARN_DOCUMENTATION_COMMENTS = YES;
				CLANG_WARN_EMPTY_BODY = YES;
				CLANG_WARN_ENUM_CONVERSION = YES;
				CLANG_WARN_INFINITE_RECURSION = YES;
				CLANG_WARN_INT_CONVERSION = YES;
				CLANG_WARN_NON_LITERAL_NULL_CONVERSION = YES;
				CLANG_WARN_OBJC_IMPLICIT_RETAIN_SELF = YES;
				CLANG_WARN_OBJC_LITERAL_CONVERSION = YES;
				CLANG_WARN_OBJC_ROOT_CLASS = YES_ERROR;
				CLANG_WARN_RANGE_LOOP_ANALYSIS = YES;
				CLANG_WARN_STRICT_PROTOTYPES = YES;
				CLANG_WARN_SUSPICIOUS_MOVE = YES;
				CLANG_WARN_UNGUARDED_AVAILABILITY = YES_AGGRESSIVE;
				CLANG_WARN_UNREACHABLE_CODE = YES;
				CLANG_WARN__DUPLICATE_METHOD_MATCH = YES;
				CODE_SIGN_IDENTITY = "iPhone Developer";
				COPY_PHASE_STRIP = NO;
				DEBUG_INFORMATION_FORMAT = dwarf;
				ENABLE_STRICT_OBJC_MSGSEND = YES;
				ENABLE_TESTABILITY = YES;
				GCC_C_LANGUAGE_STANDARD = gnu11;
				GCC_DYNAMIC_NO_PIC = NO;
				GCC_NO_COMMON_BLOCKS = YES;
				GCC_OPTIMIZATION_LEVEL = 0;
				GCC_PREPROCESSOR_DEFINITIONS = (
					"DEBUG=1",
					"$(inherited)",
				);
				GCC_WARN_64_TO_32_BIT_CONVERSION = YES;
				GCC_WARN_ABOUT_RETURN_TYPE = YES_ERROR;
				GCC_WARN_UNDECLARED_SELECTOR = YES;
				GCC_WARN_UNINITIALIZED_AUTOS = YES_AGGRESSIVE;
				GCC_WARN_UNUSED_FUNCTION = YES;
				GCC_WARN_UNUSED_VARIABLE = YES;
				IPHONEOS_DEPLOYMENT_TARGET = 11.3;
				MTL_ENABLE_DEBUG_INFO = YES;
				ONLY_ACTIVE_ARCH = YES;
				SDKROOT = iphoneos;
				SWIFT_ACTIVE_COMPILATION_CONDITIONS = DEBUG;
				SWIFT_OPTIMIZATION_LEVEL = "-Onone";
			};
			name = Debug;
		};
		370E45F420AC5F6200858A52 /* Release */ = {
			isa = XCBuildConfiguration;
			buildSettings = {
				ALWAYS_SEARCH_USER_PATHS = NO;
				CLANG_ANALYZER_NONNULL = YES;
				CLANG_ANALYZER_NUMBER_OBJECT_CONVERSION = YES_AGGRESSIVE;
				CLANG_CXX_LANGUAGE_STANDARD = "gnu++14";
				CLANG_CXX_LIBRARY = "libc++";
				CLANG_ENABLE_MODULES = YES;
				CLANG_ENABLE_OBJC_ARC = YES;
				CLANG_ENABLE_OBJC_WEAK = YES;
				CLANG_WARN_BLOCK_CAPTURE_AUTORELEASING = YES;
				CLANG_WARN_BOOL_CONVERSION = YES;
				CLANG_WARN_COMMA = YES;
				CLANG_WARN_CONSTANT_CONVERSION = YES;
				CLANG_WARN_DEPRECATED_OBJC_IMPLEMENTATIONS = YES;
				CLANG_WARN_DIRECT_OBJC_ISA_USAGE = YES_ERROR;
				CLANG_WARN_DOCUMENTATION_COMMENTS = YES;
				CLANG_WARN_EMPTY_BODY = YES;
				CLANG_WARN_ENUM_CONVERSION = YES;
				CLANG_WARN_INFINITE_RECURSION = YES;
				CLANG_WARN_INT_CONVERSION = YES;
				CLANG_WARN_NON_LITERAL_NULL_CONVERSION = YES;
				CLANG_WARN_OBJC_IMPLICIT_RETAIN_SELF = YES;
				CLANG_WARN_OBJC_LITERAL_CONVERSION = YES;
				CLANG_WARN_OBJC_ROOT_CLASS = YES_ERROR;
				CLANG_WARN_RANGE_LOOP_ANALYSIS = YES;
				CLANG_WARN_STRICT_PROTOTYPES = YES;
				CLANG_WARN_SUSPICIOUS_MOVE = YES;
				CLANG_WARN_UNGUARDED_AVAILABILITY = YES_AGGRESSIVE;
				CLANG_WARN_UNREACHABLE_CODE = YES;
				CLANG_WARN__DUPLICATE_METHOD_MATCH = YES;
				CODE_SIGN_IDENTITY = "iPhone Developer";
				COPY_PHASE_STRIP = NO;
				DEBUG_INFORMATION_FORMAT = "dwarf-with-dsym";
				ENABLE_NS_ASSERTIONS = NO;
				ENABLE_STRICT_OBJC_MSGSEND = YES;
				GCC_C_LANGUAGE_STANDARD = gnu11;
				GCC_NO_COMMON_BLOCKS = YES;
				GCC_WARN_64_TO_32_BIT_CONVERSION = YES;
				GCC_WARN_ABOUT_RETURN_TYPE = YES_ERROR;
				GCC_WARN_UNDECLARED_SELECTOR = YES;
				GCC_WARN_UNINITIALIZED_AUTOS = YES_AGGRESSIVE;
				GCC_WARN_UNUSED_FUNCTION = YES;
				GCC_WARN_UNUSED_VARIABLE = YES;
				IPHONEOS_DEPLOYMENT_TARGET = 11.3;
				MTL_ENABLE_DEBUG_INFO = NO;
				SDKROOT = iphoneos;
				SWIFT_COMPILATION_MODE = wholemodule;
				SWIFT_OPTIMIZATION_LEVEL = "-O";
				VALIDATE_PRODUCT = YES;
			};
			name = Release;
		};
		370E45F620AC5F6200858A52 /* Debug */ = {
			isa = XCBuildConfiguration;
			buildSettings = {
				ASSETCATALOG_COMPILER_APPICON_NAME = AppIcon;
				CODE_SIGN_STYLE = Automatic;
				DEVELOPMENT_TEAM = "";
				INFOPLIST_FILE = CareemTestEvaluation/Info.plist;
				IPHONEOS_DEPLOYMENT_TARGET = 9.0;
				LD_RUNPATH_SEARCH_PATHS = (
					"$(inherited)",
					"@executable_path/Frameworks",
				);
				PRODUCT_BUNDLE_IDENTIFIER = com.CareemTest.CareemTestEvaluation;
				PRODUCT_NAME = "$(TARGET_NAME)";
				SWIFT_VERSION = 4.0;
				TARGETED_DEVICE_FAMILY = 1;
			};
			name = Debug;
		};
		370E45F720AC5F6200858A52 /* Release */ = {
			isa = XCBuildConfiguration;
			buildSettings = {
				ASSETCATALOG_COMPILER_APPICON_NAME = AppIcon;
				CODE_SIGN_STYLE = Automatic;
				DEVELOPMENT_TEAM = "";
				INFOPLIST_FILE = CareemTestEvaluation/Info.plist;
				IPHONEOS_DEPLOYMENT_TARGET = 9.0;
				LD_RUNPATH_SEARCH_PATHS = (
					"$(inherited)",
					"@executable_path/Frameworks",
				);
				PRODUCT_BUNDLE_IDENTIFIER = com.CareemTest.CareemTestEvaluation;
				PRODUCT_NAME = "$(TARGET_NAME)";
				SWIFT_VERSION = 4.0;
				TARGETED_DEVICE_FAMILY = 1;
			};
			name = Release;
		};
		370E45F920AC5F6200858A52 /* Debug */ = {
			isa = XCBuildConfiguration;
			buildSettings = {
				ALWAYS_EMBED_SWIFT_STANDARD_LIBRARIES = YES;
				BUNDLE_LOADER = "$(TEST_HOST)";
				CODE_SIGN_STYLE = Automatic;
				INFOPLIST_FILE = CareemTestEvaluationTests/Info.plist;
				LD_RUNPATH_SEARCH_PATHS = (
					"$(inherited)",
					"@executable_path/Frameworks",
					"@loader_path/Frameworks",
				);
				PRODUCT_BUNDLE_IDENTIFIER = com.CareemTest.CareemTestEvaluationTests;
				PRODUCT_NAME = "$(TARGET_NAME)";
				SWIFT_VERSION = 4.0;
				TARGETED_DEVICE_FAMILY = "1,2";
				TEST_HOST = "$(BUILT_PRODUCTS_DIR)/CareemTestEvaluation.app/CareemTestEvaluation";
			};
			name = Debug;
		};
		370E45FA20AC5F6200858A52 /* Release */ = {
			isa = XCBuildConfiguration;
			buildSettings = {
				ALWAYS_EMBED_SWIFT_STANDARD_LIBRARIES = YES;
				BUNDLE_LOADER = "$(TEST_HOST)";
				CODE_SIGN_STYLE = Automatic;
				INFOPLIST_FILE = CareemTestEvaluationTests/Info.plist;
				LD_RUNPATH_SEARCH_PATHS = (
					"$(inherited)",
					"@executable_path/Frameworks",
					"@loader_path/Frameworks",
				);
				PRODUCT_BUNDLE_IDENTIFIER = com.CareemTest.CareemTestEvaluationTests;
				PRODUCT_NAME = "$(TARGET_NAME)";
				SWIFT_VERSION = 4.0;
				TARGETED_DEVICE_FAMILY = "1,2";
				TEST_HOST = "$(BUILT_PRODUCTS_DIR)/CareemTestEvaluation.app/CareemTestEvaluation";
			};
			name = Release;
		};
		370E45FC20AC5F6200858A52 /* Debug */ = {
			isa = XCBuildConfiguration;
			buildSettings = {
				ALWAYS_EMBED_SWIFT_STANDARD_LIBRARIES = YES;
				CODE_SIGN_STYLE = Automatic;
				INFOPLIST_FILE = CareemTestEvaluationUITests/Info.plist;
				LD_RUNPATH_SEARCH_PATHS = (
					"$(inherited)",
					"@executable_path/Frameworks",
					"@loader_path/Frameworks",
				);
				PRODUCT_BUNDLE_IDENTIFIER = com.CareemTest.CareemTestEvaluationUITests;
				PRODUCT_NAME = "$(TARGET_NAME)";
				SWIFT_VERSION = 4.0;
				TARGETED_DEVICE_FAMILY = "1,2";
				TEST_TARGET_NAME = CareemTestEvaluation;
			};
			name = Debug;
		};
		370E45FD20AC5F6200858A52 /* Release */ = {
			isa = XCBuildConfiguration;
			buildSettings = {
				ALWAYS_EMBED_SWIFT_STANDARD_LIBRARIES = YES;
				CODE_SIGN_STYLE = Automatic;
				INFOPLIST_FILE = CareemTestEvaluationUITests/Info.plist;
				LD_RUNPATH_SEARCH_PATHS = (
					"$(inherited)",
					"@executable_path/Frameworks",
					"@loader_path/Frameworks",
				);
				PRODUCT_BUNDLE_IDENTIFIER = com.CareemTest.CareemTestEvaluationUITests;
				PRODUCT_NAME = "$(TARGET_NAME)";
				SWIFT_VERSION = 4.0;
				TARGETED_DEVICE_FAMILY = "1,2";
				TEST_TARGET_NAME = CareemTestEvaluation;
			};
			name = Release;
		};
/* End XCBuildConfiguration section */

/* Begin XCConfigurationList section */
		370E45C520AC5F6100858A52 /* Build configuration list for PBXProject "CareemTestEvaluation" */ = {
			isa = XCConfigurationList;
			buildConfigurations = (
				370E45F320AC5F6200858A52 /* Debug */,
				370E45F420AC5F6200858A52 /* Release */,
			);
			defaultConfigurationIsVisible = 0;
			defaultConfigurationName = Release;
		};
		370E45F520AC5F6200858A52 /* Build configuration list for PBXNativeTarget "CareemTestEvaluation" */ = {
			isa = XCConfigurationList;
			buildConfigurations = (
				370E45F620AC5F6200858A52 /* Debug */,
				370E45F720AC5F6200858A52 /* Release */,
			);
			defaultConfigurationIsVisible = 0;
			defaultConfigurationName = Release;
		};
		370E45F820AC5F6200858A52 /* Build configuration list for PBXNativeTarget "CareemTestEvaluationTests" */ = {
			isa = XCConfigurationList;
			buildConfigurations = (
				370E45F920AC5F6200858A52 /* Debug */,
				370E45FA20AC5F6200858A52 /* Release */,
			);
			defaultConfigurationIsVisible = 0;
			defaultConfigurationName = Release;
		};
		370E45FB20AC5F6200858A52 /* Build configuration list for PBXNativeTarget "CareemTestEvaluationUITests" */ = {
			isa = XCConfigurationList;
			buildConfigurations = (
				370E45FC20AC5F6200858A52 /* Debug */,
				370E45FD20AC5F6200858A52 /* Release */,
			);
			defaultConfigurationIsVisible = 0;
			defaultConfigurationName = Release;
		};
/* End XCConfigurationList section */

/* Begin XCVersionGroup section */
		370E45D420AC5F6100858A52 /* CareemTestEvaluation.xcdatamodeld */ = {
			isa = XCVersionGroup;
			children = (
				370E45D520AC5F6100858A52 /* CareemTestEvaluation.xcdatamodel */,
			);
			currentVersion = 370E45D520AC5F6100858A52 /* CareemTestEvaluation.xcdatamodel */;
			path = CareemTestEvaluation.xcdatamodeld;
			sourceTree = "<group>";
			versionGroupType = wrapper.xcdatamodel;
		};
/* End XCVersionGroup section */
	};
	rootObject = 370E45C220AC5F6100858A52 /* Project object */;
}
